
Microsoft Visual Studio Solution File, Format Version 12.00
# Visual Studio Version 17
VisualStudioVersion = 17.8.34330.188
MinimumVisualStudioVersion = 10.0.40219.1
Project("{FAE04EC0-301F-11D3-BF4B-00C04F79EFBC}") = "forms_api", "forms_api.csproj", "{040D6588-EAEC-47F9-94D1-AB87B490A043}"
EndProject
Global
	GlobalSection(SolutionConfigurationPlatforms) = preSolution
		Debug|Any CPU = Debug|Any CPU
		Release|Any CPU = Release|Any CPU
	EndGlobalSection
	GlobalSection(ProjectConfigurationPlatforms) = postSolution
		{040D6588-EAEC-47F9-94D1-AB87B490A043}.Debug|Any CPU.ActiveCfg = Debug|Any CPU
		{040D6588-EAEC-47F9-94D1-AB87B490A043}.Debug|Any CPU.Build.0 = Debug|Any CPU
		{040D6588-EAEC-47F9-94D1-AB87B490A043}.Release|Any CPU.ActiveCfg = Release|Any CPU
		{040D6588-EAEC-47F9-94D1-AB87B490A043}.Release|Any CPU.Build.0 = Release|Any CPU
	EndGlobalSection
	GlobalSection(SolutionProperties) = preSolution
		HideSolutionNode = FALSE
	EndGlobalSection
	GlobalSection(ExtensibilityGlobals) = postSolution
		SolutionGuid = {814AE4FD-F06A-4F40-B1F6-62F2BE462307}
	EndGlobalSection
EndGlobal
